{
  "nodes": {
    "flake-utils": {
      "inputs": {
        "systems": "systems"
      },
      "locked": {
        "lastModified": 1710146030,
        "narHash": "sha256-SZ5L6eA7HJ/nmkzGG7/ISclqe6oZdOZTNoesiInkXPQ=",
        "owner": "numtide",
        "repo": "flake-utils",
        "rev": "b1d9ab70662946ef0850d488da1c9019f3a9752a",
        "type": "github"
      },
      "original": {
        "owner": "numtide",
        "repo": "flake-utils",
        "type": "github"
      }
    },
    "home-manager": {
      "inputs": {
        "nixpkgs": [
          "nixpkgs"
        ]
      },
      "locked": {
        "lastModified": 1710164657,
        "narHash": "sha256-l64+ZjaQAVkHDVaK0VHwtXBdjcBD6nLBD+p7IfyBp/w=",
        "owner": "nix-community",
        "repo": "home-manager",
        "rev": "017b12de5b899ef9b64e2c035ce257bfe95b8ae2",
        "type": "github"
      },
      "original": {
        "owner": "nix-community",
        "repo": "home-manager",
        "type": "github"
      }
    },
    "nix-darwin": {
      "inputs": {
        "nixpkgs": [
          "nixpkgs"
        ]
      },
      "locked": {
        "lastModified": 1710281379,
        "narHash": "sha256-uFo9hxt982L3nFJeweW4Gip2esiGrIQlbvEGrNTh4AY=",
        "owner": "LnL7",
        "repo": "nix-darwin",
        "rev": "d9ea313bc4851670dc99c5cc979cb79750e7d670",
        "type": "github"
      },
      "original": {
        "owner": "LnL7",
        "repo": "nix-darwin",
        "type": "github"
      }
    },
    "nixos-hardware": {
      "locked": {
        "lastModified": 1710123225,
        "narHash": "sha256-j3oWlxRZxB7cFsgEntpH3rosjFHRkAo/dhX9H3OfxtY=",
        "owner": "NixOS",
        "repo": "nixos-hardware",
        "rev": "ad2fd7b978d5e462048729a6c635c45d3d33c9ba",
        "type": "github"
      },
      "original": {
        "owner": "NixOS",
        "ref": "master",
        "repo": "nixos-hardware",
        "type": "github"
      }
    },
    "nixpkgs": {
      "locked": {
        "lastModified": 1710222005,
        "narHash": "sha256-irXySffHz7b82dZIme6peyAu+8tTJr1zyxcfUPhqUrg=",
        "owner": "NixOS",
        "repo": "Nixpkgs",
        "rev": "9a9a7552431c4f1a3b2eee9398641babf7c30d0e",
        "type": "github"
      },
      "original": {
        "owner": "NixOS",
        "ref": "nixpkgs-unstable",
        "repo": "Nixpkgs",
        "type": "github"
      }
    },
    "root": {
      "inputs": {
        "flake-utils": "flake-utils",
        "home-manager": "home-manager",
        "nix-darwin": "nix-darwin",
        "nixos-hardware": "nixos-hardware",
        "nixpkgs": "nixpkgs"
      }
    },
    "systems": {
      "locked": {
        "lastModified": 1681028828,
        "narHash": "sha256-Vy1rq5AaRuLzOxct8nz4T6wlgyUR7zLU309k9mBC768=",
        "owner": "nix-systems",
        "repo": "default",
        "rev": "da67096a3b9bf56a91d16901293e51ba5b49a27e",
        "type": "github"
      },
      "original": {
        "owner": "nix-systems",
        "repo": "default",
        "type": "github"
      }
    }
  },
  "root": "root",
  "version": 7
}
