{
  "nodes": {
    "home-manager": {
      "inputs": {
        "nixpkgs": "nixpkgs"
      },
      "locked": {
        "lastModified": 1643066491,
        "narHash": "sha256-wIgqFCJ6v7COpgNY0lMHDnU9RP2dJgasa2jKkB0zhWw=",
        "owner": "nix-community",
        "repo": "home-manager",
        "rev": "462d4a7abdfb8cb762584745a480ad01c207570e",
        "type": "github"
      },
      "original": {
        "owner": "nix-community",
        "repo": "home-manager",
        "type": "github"
      }
    },
    "nixpkgs": {
      "locked": {
        "lastModified": 1643087856,
        "narHash": "sha256-EreC7gP/T566PDRZjqNoTvByTyvABEpJpWFtyNUDS0Y=",
        "owner": "NixOS",
        "repo": "nixpkgs",
        "rev": "8bd55a6a5ab05942af769c2aa2494044bff7f625",
        "type": "github"
      },
      "original": {
        "id": "nixpkgs",
        "type": "indirect"
      }
    },
    "nixpkgs_2": {
      "locked": {
        "lastModified": 1642910085,
        "narHash": "sha256-wdG5bcAD98A/ixa/8dQJdW7DNpi9D0JzKrBDjVUOoww=",
        "owner": "NixOS",
        "repo": "nixpkgs",
        "rev": "aec48ffcb120381e24a953486bf02c372f8ae50e",
        "type": "github"
      },
      "original": {
        "id": "nixpkgs",
        "type": "indirect"
      }
    },
    "root": {
      "inputs": {
        "home-manager": "home-manager",
        "nixpkgs": "nixpkgs_2"
      }
    }
  },
  "root": "root",
  "version": 7
}
